
Microsoft Visual Studio Solution File, Format Version 12.00
# Visual Studio Version 16
VisualStudioVersion = 16.0.31911.196
MinimumVisualStudioVersion = 10.0.40219.1
Project("{FAE04EC0-301F-11D3-BF4B-00C04F79EFBC}") = "Client", "Client\Client.csproj", "{1767DDFE-F9A5-4C6E-A630-BAF2BE1D0529}"
EndProject
Global
	GlobalSection(SolutionConfigurationPlatforms) = preSolution
		Debug|Any CPU = Debug|Any CPU
		Release|Any CPU = Release|Any CPU
	EndGlobalSection
	GlobalSection(ProjectConfigurationPlatforms) = postSolution
		{1767DDFE-F9A5-4C6E-A630-BAF2BE1D0529}.Debug|Any CPU.ActiveCfg = Debug|Any CPU
		{1767DDFE-F9A5-4C6E-A630-BAF2BE1D0529}.Debug|Any CPU.Build.0 = Debug|Any CPU
		{1767DDFE-F9A5-4C6E-A630-BAF2BE1D0529}.Release|Any CPU.ActiveCfg = Release|Any CPU
		{1767DDFE-F9A5-4C6E-A630-BAF2BE1D0529}.Release|Any CPU.Build.0 = Release|Any CPU
	EndGlobalSection
	GlobalSection(SolutionProperties) = preSolution
		HideSolutionNode = FALSE
	EndGlobalSection
	GlobalSection(ExtensibilityGlobals) = postSolution
		SolutionGuid = {36CC30B8-24B2-43CF-B902-C1C96DADB774}
	EndGlobalSection
EndGlobal
