
Microsoft Visual Studio Solution File, Format Version 12.00
# Visual Studio Version 16
VisualStudioVersion = 16.0.31911.196
MinimumVisualStudioVersion = 10.0.40219.1
Project("{FAE04EC0-301F-11D3-BF4B-00C04F79EFBC}") = "Server", "Server\Server.csproj", "{2225560D-EC08-4DFF-8C8D-AA1871FA3AB2}"
EndProject
Global
	GlobalSection(SolutionConfigurationPlatforms) = preSolution
		Debug|Any CPU = Debug|Any CPU
		Release|Any CPU = Release|Any CPU
	EndGlobalSection
	GlobalSection(ProjectConfigurationPlatforms) = postSolution
		{2225560D-EC08-4DFF-8C8D-AA1871FA3AB2}.Debug|Any CPU.ActiveCfg = Debug|Any CPU
		{2225560D-EC08-4DFF-8C8D-AA1871FA3AB2}.Debug|Any CPU.Build.0 = Debug|Any CPU
		{2225560D-EC08-4DFF-8C8D-AA1871FA3AB2}.Release|Any CPU.ActiveCfg = Release|Any CPU
		{2225560D-EC08-4DFF-8C8D-AA1871FA3AB2}.Release|Any CPU.Build.0 = Release|Any CPU
	EndGlobalSection
	GlobalSection(SolutionProperties) = preSolution
		HideSolutionNode = FALSE
	EndGlobalSection
	GlobalSection(ExtensibilityGlobals) = postSolution
		SolutionGuid = {38B9344F-BCEB-4A60-AEF8-8065B30C422C}
	EndGlobalSection
EndGlobal
